
Microsoft Visual Studio Solution File, Format Version 12.00
# Visual Studio 15
VisualStudioVersion = 15.0.27004.2002
MinimumVisualStudioVersion = 10.0.40219.1
Project("{FAE04EC0-301F-11D3-BF4B-00C04F79EFBC}") = "PDVsoft", "PDVsoft\PDVsoft.csproj", "{ECD64987-5BCB-43CF-A009-55CB3CB92A36}"
EndProject
Project("{2150E333-8FDC-42A3-9474-1A3956D46DE8}") = "CAPAS", "CAPAS", "{E96F27CB-E0E1-4E53-97F4-B7FCC9D88CCD}"
EndProject
Project("{2150E333-8FDC-42A3-9474-1A3956D46DE8}") = "WEB", "WEB", "{F2968F49-1BF4-4D22-807C-54DC18F09DC1}"
EndProject
Project("{9A19103F-16F7-4668-BE54-9A1E7A4F7556}") = "PDVsoft.Dal", "PDVsoft.DAL\PDVsoft.Dal.csproj", "{0377DA5E-2407-401E-B05C-DECDE67BEC38}"
EndProject
Project("{2150E333-8FDC-42A3-9474-1A3956D46DE8}") = "UI", "UI", "{7AA881C1-1090-4ED1-8130-2B1A38427ADA}"
EndProject
Project("{9A19103F-16F7-4668-BE54-9A1E7A4F7556}") = "PDVsoft.Dto", "PDVsoft.Dto\PDVsoft.Dto.csproj", "{4257A869-9A5E-4F35-8FED-F0AF78DF4D06}"
EndProject
Project("{FAE04EC0-301F-11D3-BF4B-00C04F79EFBC}") = "PDVsoft.Uip", "PDVsoft.Uip\PDVsoft.Uip.csproj", "{D3A6CD9E-739E-44E3-9627-A790BA33DD0D}"
EndProject
Project("{FAE04EC0-301F-11D3-BF4B-00C04F79EFBC}") = "PDVsoft.Bll", "PDVsoft.Bll\PDVsoft.Bll.csproj", "{252EDC21-EE69-433B-8DDD-A8967F5538EB}"
EndProject
Global
	GlobalSection(SolutionConfigurationPlatforms) = preSolution
		Debug|Any CPU = Debug|Any CPU
		Release|Any CPU = Release|Any CPU
	EndGlobalSection
	GlobalSection(ProjectConfigurationPlatforms) = postSolution
		{ECD64987-5BCB-43CF-A009-55CB3CB92A36}.Debug|Any CPU.ActiveCfg = Debug|Any CPU
		{ECD64987-5BCB-43CF-A009-55CB3CB92A36}.Debug|Any CPU.Build.0 = Debug|Any CPU
		{ECD64987-5BCB-43CF-A009-55CB3CB92A36}.Release|Any CPU.ActiveCfg = Release|Any CPU
		{ECD64987-5BCB-43CF-A009-55CB3CB92A36}.Release|Any CPU.Build.0 = Release|Any CPU
		{0377DA5E-2407-401E-B05C-DECDE67BEC38}.Debug|Any CPU.ActiveCfg = Debug|Any CPU
		{0377DA5E-2407-401E-B05C-DECDE67BEC38}.Debug|Any CPU.Build.0 = Debug|Any CPU
		{0377DA5E-2407-401E-B05C-DECDE67BEC38}.Release|Any CPU.ActiveCfg = Release|Any CPU
		{0377DA5E-2407-401E-B05C-DECDE67BEC38}.Release|Any CPU.Build.0 = Release|Any CPU
		{4257A869-9A5E-4F35-8FED-F0AF78DF4D06}.Debug|Any CPU.ActiveCfg = Debug|Any CPU
		{4257A869-9A5E-4F35-8FED-F0AF78DF4D06}.Debug|Any CPU.Build.0 = Debug|Any CPU
		{4257A869-9A5E-4F35-8FED-F0AF78DF4D06}.Release|Any CPU.ActiveCfg = Release|Any CPU
		{4257A869-9A5E-4F35-8FED-F0AF78DF4D06}.Release|Any CPU.Build.0 = Release|Any CPU
		{D3A6CD9E-739E-44E3-9627-A790BA33DD0D}.Debug|Any CPU.ActiveCfg = Debug|Any CPU
		{D3A6CD9E-739E-44E3-9627-A790BA33DD0D}.Debug|Any CPU.Build.0 = Debug|Any CPU
		{D3A6CD9E-739E-44E3-9627-A790BA33DD0D}.Release|Any CPU.ActiveCfg = Release|Any CPU
		{D3A6CD9E-739E-44E3-9627-A790BA33DD0D}.Release|Any CPU.Build.0 = Release|Any CPU
		{252EDC21-EE69-433B-8DDD-A8967F5538EB}.Debug|Any CPU.ActiveCfg = Debug|Any CPU
		{252EDC21-EE69-433B-8DDD-A8967F5538EB}.Debug|Any CPU.Build.0 = Debug|Any CPU
		{252EDC21-EE69-433B-8DDD-A8967F5538EB}.Release|Any CPU.ActiveCfg = Release|Any CPU
		{252EDC21-EE69-433B-8DDD-A8967F5538EB}.Release|Any CPU.Build.0 = Release|Any CPU
	EndGlobalSection
	GlobalSection(SolutionProperties) = preSolution
		HideSolutionNode = FALSE
	EndGlobalSection
	GlobalSection(NestedProjects) = preSolution
		{ECD64987-5BCB-43CF-A009-55CB3CB92A36} = {F2968F49-1BF4-4D22-807C-54DC18F09DC1}
		{0377DA5E-2407-401E-B05C-DECDE67BEC38} = {E96F27CB-E0E1-4E53-97F4-B7FCC9D88CCD}
		{4257A869-9A5E-4F35-8FED-F0AF78DF4D06} = {7AA881C1-1090-4ED1-8130-2B1A38427ADA}
		{D3A6CD9E-739E-44E3-9627-A790BA33DD0D} = {7AA881C1-1090-4ED1-8130-2B1A38427ADA}
		{252EDC21-EE69-433B-8DDD-A8967F5538EB} = {E96F27CB-E0E1-4E53-97F4-B7FCC9D88CCD}
	EndGlobalSection
	GlobalSection(ExtensibilityGlobals) = postSolution
		SolutionGuid = {136F1C22-48B9-45B9-BBC5-2DE398C1D0E2}
	EndGlobalSection
EndGlobal
